
Microsoft Visual Studio Solution File, Format Version 12.00
# Visual Studio Version 17
VisualStudioVersion = 17.9.34728.123
MinimumVisualStudioVersion = 10.0.40219.1
Project("{2150E333-8FDC-42A3-9474-1A3956D46DE8}") = "Services", "Services", "{E6E3898A-F13F-4839-88F5-28EC53CDE1C6}"
EndProject
Project("{2150E333-8FDC-42A3-9474-1A3956D46DE8}") = "Catalog", "Catalog", "{10D6A4CB-DAF9-43C8-B5E1-DE583E89C67C}"
EndProject
Project("{9A19103F-16F7-4668-BE54-9A1E7A4F7556}") = "Limupa.Catalog.Api", "Services\Catalog\Limupa.Catalog.Api\Limupa.Catalog.Api.csproj", "{7C28926F-5882-4583-86AF-86EF8F3389DC}"
EndProject
Project("{2150E333-8FDC-42A3-9474-1A3956D46DE8}") = "Discount", "Discount", "{EE024DD8-2C8B-4112-8FC8-82C37FDC6B41}"
EndProject
Project("{2150E333-8FDC-42A3-9474-1A3956D46DE8}") = "Order", "Order", "{13D79C76-AAEC-41E3-9E27-379F4CD6AD11}"
EndProject
Project("{9A19103F-16F7-4668-BE54-9A1E7A4F7556}") = "Limupa.Discount.Api", "Services\Discount\Limupa.Discount.Api\Limupa.Discount.Api.csproj", "{3B7648C6-131F-4836-86EA-61A51D2506E9}"
EndProject
Project("{2150E333-8FDC-42A3-9474-1A3956D46DE8}") = "Core", "Core", "{7FD069FF-84C8-44B2-B9A1-72E4BE81A3AA}"
EndProject
Project("{2150E333-8FDC-42A3-9474-1A3956D46DE8}") = "Infrastructure", "Infrastructure", "{ECB88767-547F-4D12-9F31-56DE8B489F92}"
EndProject
Project("{2150E333-8FDC-42A3-9474-1A3956D46DE8}") = "Presentation", "Presentation", "{4499AA45-928E-4E86-8FE2-B67721A6CED5}"
EndProject
Project("{9A19103F-16F7-4668-BE54-9A1E7A4F7556}") = "Limupa.Order.Application", "Services\Order\Core\Limupa.Order.Application\Limupa.Order.Application.csproj", "{60332A61-FE36-462A-8FCC-5DAFEBD05C2B}"
EndProject
Project("{9A19103F-16F7-4668-BE54-9A1E7A4F7556}") = "Limupa.Order.Domain", "Services\Order\Core\Limupa.Order.Domain\Limupa.Order.Domain.csproj", "{B0575B24-6D09-4B28-AFBC-D277C0A002BC}"
EndProject
Project("{9A19103F-16F7-4668-BE54-9A1E7A4F7556}") = "Limupa.Order.Api", "Services\Order\Presentation\Limupa.Order.Api\Limupa.Order.Api.csproj", "{139FA18D-7183-45D3-BD9B-EC38FF0004A6}"
EndProject
Project("{9A19103F-16F7-4668-BE54-9A1E7A4F7556}") = "Limupa.Order.Persistence", "Services\Order\Infrastructure\Limupa.Order.Persistence\Limupa.Order.Persistence.csproj", "{1D6BAB00-126E-4079-9DD1-63F46C07CBC7}"
EndProject
Project("{2150E333-8FDC-42A3-9474-1A3956D46DE8}") = "IdentityServer", "IdentityServer", "{99186D69-3A4A-4344-AA98-1C61E7735DD8}"
EndProject
Project("{9A19103F-16F7-4668-BE54-9A1E7A4F7556}") = "Limupa.IdentityServer", "IdentityServer\Limupa.IdentityServer\Limupa.IdentityServer.csproj", "{D0B91EAA-A234-452F-8290-25A7934792BC}"
EndProject
Project("{2150E333-8FDC-42A3-9474-1A3956D46DE8}") = "SolidItem", "SolidItem", "{7899808D-35DC-4441-AFBD-6597F800B88A}"
	ProjectSection(SolutionItems) = preProject
		OcelotCodeExample.txt = OcelotCodeExample.txt
		PortNumber = PortNumber
	EndProjectSection
EndProject
Project("{2150E333-8FDC-42A3-9474-1A3956D46DE8}") = "Cargo", "Cargo", "{8952AAEC-70C4-4CE6-972B-DB333179C5E9}"
EndProject
Project("{9A19103F-16F7-4668-BE54-9A1E7A4F7556}") = "Limupa.Cargo.EntityLayer", "Services\Cargo\Limupa.Cargo.EntityLayer\Limupa.Cargo.EntityLayer.csproj", "{A50F456C-5691-42F3-A588-DD7367090E59}"
EndProject
Project("{9A19103F-16F7-4668-BE54-9A1E7A4F7556}") = "Limupa.Cargo.BusinessLayer", "Services\Cargo\Limupa.Cargo.BusinessLayer\Limupa.Cargo.BusinessLayer.csproj", "{38DD475A-4708-438D-B944-9F80F25CBEFA}"
EndProject
Project("{9A19103F-16F7-4668-BE54-9A1E7A4F7556}") = "Limupa.Cargo.DataAccessLayer", "Services\Cargo\Limupa.Cargo.DataAccessLayer\Limupa.Cargo.DataAccessLayer.csproj", "{017F5D9C-727A-4C25-B482-F8B0BB36412D}"
EndProject
Project("{9A19103F-16F7-4668-BE54-9A1E7A4F7556}") = "Limupa.Cargo.Api", "Services\Cargo\Limupa.Cargo.Api\Limupa.Cargo.Api.csproj", "{946E7BF7-6F49-4E4B-97C9-47928D2C5721}"
EndProject
Project("{9A19103F-16F7-4668-BE54-9A1E7A4F7556}") = "Limupa.Cargo.DtoLayer", "Services\Cargo\Limupa.Cargo.DtoLayer\Limupa.Cargo.DtoLayer.csproj", "{CAB18929-A104-4A5C-B5F9-03D59AB767F0}"
EndProject
Project("{2150E333-8FDC-42A3-9474-1A3956D46DE8}") = "Basket", "Basket", "{68CC7EFF-69AF-4312-985A-993EABB43676}"
EndProject
Project("{9A19103F-16F7-4668-BE54-9A1E7A4F7556}") = "Limupa.Basket.Api", "Services\Basket\Limupa.Basket.Api\Limupa.Basket.Api.csproj", "{7674C063-D645-476B-AC14-7829186B3CB9}"
EndProject
Project("{2150E333-8FDC-42A3-9474-1A3956D46DE8}") = "Frontends", "Frontends", "{D70CF9F3-F619-4A40-85F8-9EE5D2338D4D}"
EndProject
Project("{9A19103F-16F7-4668-BE54-9A1E7A4F7556}") = "Limupa.UI", "Frontends\Limupa.UI\Limupa.UI.csproj", "{D9D4EBF5-C8F9-459B-907D-20460E26213A}"
EndProject
Project("{9A19103F-16F7-4668-BE54-9A1E7A4F7556}") = "Limupa.DtoLayer", "Frontends\Limupa.DtoLayer\Limupa.DtoLayer.csproj", "{94A4C444-182B-4D02-9C36-B722E8A28248}"
EndProject
Project("{2150E333-8FDC-42A3-9474-1A3956D46DE8}") = "Comment", "Comment", "{1709D353-3AF0-4A03-9E2A-672C6CD0FB30}"
EndProject
Project("{9A19103F-16F7-4668-BE54-9A1E7A4F7556}") = "Limupa.Comment.Api", "Services\Comment\Limupa.Comment.Api\Limupa.Comment.Api.csproj", "{B0BF760F-52B1-4C6A-83B1-82059F7FB00F}"
EndProject
Project("{2150E333-8FDC-42A3-9474-1A3956D46DE8}") = "ApiGateway", "ApiGateway", "{CF9F7711-4FA1-4DBF-A79E-B075CD605BB6}"
EndProject
Project("{2150E333-8FDC-42A3-9474-1A3956D46DE8}") = "Payment", "Payment", "{C05FC563-8C59-4F8C-B8D3-88E61B1A8A21}"
EndProject
Project("{9A19103F-16F7-4668-BE54-9A1E7A4F7556}") = "Limupa.Payment.Api", "Services\Payment\Limupa.Payment.Api\Limupa.Payment.Api.csproj", "{B44781CC-9E3C-4917-B8CC-A72E71F6DD93}"
EndProject
Project("{9A19103F-16F7-4668-BE54-9A1E7A4F7556}") = "Limupa.OcelotGateway.Api", "ApiGateway\Limupa.OcelotGateway.Api\Limupa.OcelotGateway.Api.csproj", "{4BE9A0EE-2611-46FD-A102-7B4C578228AB}"
EndProject
Project("{9A19103F-16F7-4668-BE54-9A1E7A4F7556}") = "Limupa.StoreLocation.Api", "Services\StoreLocation\Limupa.StoreLocation.Api\Limupa.StoreLocation.Api.csproj", "{3F4F4B88-9537-4993-A7B6-70B6C1544CA4}"
EndProject
Project("{2150E333-8FDC-42A3-9474-1A3956D46DE8}") = "StoreLocation", "StoreLocation", "{037555D1-A83B-4698-8BA1-3C91DEC1FA44}"
EndProject
Project("{9A19103F-16F7-4668-BE54-9A1E7A4F7556}") = "Store", "Services\StoreLocation\Store\Store.csproj", "{A6A27F13-91A2-4B38-A5BE-5BFB9F2BC03F}"
EndProject
Global
	GlobalSection(SolutionConfigurationPlatforms) = preSolution
		Debug|Any CPU = Debug|Any CPU
		Release|Any CPU = Release|Any CPU
	EndGlobalSection
	GlobalSection(ProjectConfigurationPlatforms) = postSolution
		{7C28926F-5882-4583-86AF-86EF8F3389DC}.Debug|Any CPU.ActiveCfg = Debug|Any CPU
		{7C28926F-5882-4583-86AF-86EF8F3389DC}.Debug|Any CPU.Build.0 = Debug|Any CPU
		{7C28926F-5882-4583-86AF-86EF8F3389DC}.Release|Any CPU.ActiveCfg = Release|Any CPU
		{7C28926F-5882-4583-86AF-86EF8F3389DC}.Release|Any CPU.Build.0 = Release|Any CPU
		{3B7648C6-131F-4836-86EA-61A51D2506E9}.Debug|Any CPU.ActiveCfg = Debug|Any CPU
		{3B7648C6-131F-4836-86EA-61A51D2506E9}.Debug|Any CPU.Build.0 = Debug|Any CPU
		{3B7648C6-131F-4836-86EA-61A51D2506E9}.Release|Any CPU.ActiveCfg = Release|Any CPU
		{3B7648C6-131F-4836-86EA-61A51D2506E9}.Release|Any CPU.Build.0 = Release|Any CPU
		{60332A61-FE36-462A-8FCC-5DAFEBD05C2B}.Debug|Any CPU.ActiveCfg = Debug|Any CPU
		{60332A61-FE36-462A-8FCC-5DAFEBD05C2B}.Debug|Any CPU.Build.0 = Debug|Any CPU
		{60332A61-FE36-462A-8FCC-5DAFEBD05C2B}.Release|Any CPU.ActiveCfg = Release|Any CPU
		{60332A61-FE36-462A-8FCC-5DAFEBD05C2B}.Release|Any CPU.Build.0 = Release|Any CPU
		{B0575B24-6D09-4B28-AFBC-D277C0A002BC}.Debug|Any CPU.ActiveCfg = Debug|Any CPU
		{B0575B24-6D09-4B28-AFBC-D277C0A002BC}.Debug|Any CPU.Build.0 = Debug|Any CPU
		{B0575B24-6D09-4B28-AFBC-D277C0A002BC}.Release|Any CPU.ActiveCfg = Release|Any CPU
		{B0575B24-6D09-4B28-AFBC-D277C0A002BC}.Release|Any CPU.Build.0 = Release|Any CPU
		{139FA18D-7183-45D3-BD9B-EC38FF0004A6}.Debug|Any CPU.ActiveCfg = Debug|Any CPU
		{139FA18D-7183-45D3-BD9B-EC38FF0004A6}.Debug|Any CPU.Build.0 = Debug|Any CPU
		{139FA18D-7183-45D3-BD9B-EC38FF0004A6}.Release|Any CPU.ActiveCfg = Release|Any CPU
		{139FA18D-7183-45D3-BD9B-EC38FF0004A6}.Release|Any CPU.Build.0 = Release|Any CPU
		{1D6BAB00-126E-4079-9DD1-63F46C07CBC7}.Debug|Any CPU.ActiveCfg = Debug|Any CPU
		{1D6BAB00-126E-4079-9DD1-63F46C07CBC7}.Debug|Any CPU.Build.0 = Debug|Any CPU
		{1D6BAB00-126E-4079-9DD1-63F46C07CBC7}.Release|Any CPU.ActiveCfg = Release|Any CPU
		{1D6BAB00-126E-4079-9DD1-63F46C07CBC7}.Release|Any CPU.Build.0 = Release|Any CPU
		{D0B91EAA-A234-452F-8290-25A7934792BC}.Debug|Any CPU.ActiveCfg = Debug|Any CPU
		{D0B91EAA-A234-452F-8290-25A7934792BC}.Debug|Any CPU.Build.0 = Debug|Any CPU
		{D0B91EAA-A234-452F-8290-25A7934792BC}.Release|Any CPU.ActiveCfg = Release|Any CPU
		{D0B91EAA-A234-452F-8290-25A7934792BC}.Release|Any CPU.Build.0 = Release|Any CPU
		{A50F456C-5691-42F3-A588-DD7367090E59}.Debug|Any CPU.ActiveCfg = Debug|Any CPU
		{A50F456C-5691-42F3-A588-DD7367090E59}.Debug|Any CPU.Build.0 = Debug|Any CPU
		{A50F456C-5691-42F3-A588-DD7367090E59}.Release|Any CPU.ActiveCfg = Release|Any CPU
		{A50F456C-5691-42F3-A588-DD7367090E59}.Release|Any CPU.Build.0 = Release|Any CPU
		{38DD475A-4708-438D-B944-9F80F25CBEFA}.Debug|Any CPU.ActiveCfg = Debug|Any CPU
		{38DD475A-4708-438D-B944-9F80F25CBEFA}.Debug|Any CPU.Build.0 = Debug|Any CPU
		{38DD475A-4708-438D-B944-9F80F25CBEFA}.Release|Any CPU.ActiveCfg = Release|Any CPU
		{38DD475A-4708-438D-B944-9F80F25CBEFA}.Release|Any CPU.Build.0 = Release|Any CPU
		{017F5D9C-727A-4C25-B482-F8B0BB36412D}.Debug|Any CPU.ActiveCfg = Debug|Any CPU
		{017F5D9C-727A-4C25-B482-F8B0BB36412D}.Debug|Any CPU.Build.0 = Debug|Any CPU
		{017F5D9C-727A-4C25-B482-F8B0BB36412D}.Release|Any CPU.ActiveCfg = Release|Any CPU
		{017F5D9C-727A-4C25-B482-F8B0BB36412D}.Release|Any CPU.Build.0 = Release|Any CPU
		{946E7BF7-6F49-4E4B-97C9-47928D2C5721}.Debug|Any CPU.ActiveCfg = Debug|Any CPU
		{946E7BF7-6F49-4E4B-97C9-47928D2C5721}.Debug|Any CPU.Build.0 = Debug|Any CPU
		{946E7BF7-6F49-4E4B-97C9-47928D2C5721}.Release|Any CPU.ActiveCfg = Release|Any CPU
		{946E7BF7-6F49-4E4B-97C9-47928D2C5721}.Release|Any CPU.Build.0 = Release|Any CPU
		{CAB18929-A104-4A5C-B5F9-03D59AB767F0}.Debug|Any CPU.ActiveCfg = Debug|Any CPU
		{CAB18929-A104-4A5C-B5F9-03D59AB767F0}.Debug|Any CPU.Build.0 = Debug|Any CPU
		{CAB18929-A104-4A5C-B5F9-03D59AB767F0}.Release|Any CPU.ActiveCfg = Release|Any CPU
		{CAB18929-A104-4A5C-B5F9-03D59AB767F0}.Release|Any CPU.Build.0 = Release|Any CPU
		{7674C063-D645-476B-AC14-7829186B3CB9}.Debug|Any CPU.ActiveCfg = Debug|Any CPU
		{7674C063-D645-476B-AC14-7829186B3CB9}.Debug|Any CPU.Build.0 = Debug|Any CPU
		{7674C063-D645-476B-AC14-7829186B3CB9}.Release|Any CPU.ActiveCfg = Release|Any CPU
		{7674C063-D645-476B-AC14-7829186B3CB9}.Release|Any CPU.Build.0 = Release|Any CPU
		{D9D4EBF5-C8F9-459B-907D-20460E26213A}.Debug|Any CPU.ActiveCfg = Debug|Any CPU
		{D9D4EBF5-C8F9-459B-907D-20460E26213A}.Debug|Any CPU.Build.0 = Debug|Any CPU
		{D9D4EBF5-C8F9-459B-907D-20460E26213A}.Release|Any CPU.ActiveCfg = Release|Any CPU
		{D9D4EBF5-C8F9-459B-907D-20460E26213A}.Release|Any CPU.Build.0 = Release|Any CPU
		{94A4C444-182B-4D02-9C36-B722E8A28248}.Debug|Any CPU.ActiveCfg = Debug|Any CPU
		{94A4C444-182B-4D02-9C36-B722E8A28248}.Debug|Any CPU.Build.0 = Debug|Any CPU
		{94A4C444-182B-4D02-9C36-B722E8A28248}.Release|Any CPU.ActiveCfg = Release|Any CPU
		{94A4C444-182B-4D02-9C36-B722E8A28248}.Release|Any CPU.Build.0 = Release|Any CPU
		{B0BF760F-52B1-4C6A-83B1-82059F7FB00F}.Debug|Any CPU.ActiveCfg = Debug|Any CPU
		{B0BF760F-52B1-4C6A-83B1-82059F7FB00F}.Debug|Any CPU.Build.0 = Debug|Any CPU
		{B0BF760F-52B1-4C6A-83B1-82059F7FB00F}.Release|Any CPU.ActiveCfg = Release|Any CPU
		{B0BF760F-52B1-4C6A-83B1-82059F7FB00F}.Release|Any CPU.Build.0 = Release|Any CPU
		{B44781CC-9E3C-4917-B8CC-A72E71F6DD93}.Debug|Any CPU.ActiveCfg = Debug|Any CPU
		{B44781CC-9E3C-4917-B8CC-A72E71F6DD93}.Debug|Any CPU.Build.0 = Debug|Any CPU
		{B44781CC-9E3C-4917-B8CC-A72E71F6DD93}.Release|Any CPU.ActiveCfg = Release|Any CPU
		{B44781CC-9E3C-4917-B8CC-A72E71F6DD93}.Release|Any CPU.Build.0 = Release|Any CPU
		{4BE9A0EE-2611-46FD-A102-7B4C578228AB}.Debug|Any CPU.ActiveCfg = Debug|Any CPU
		{4BE9A0EE-2611-46FD-A102-7B4C578228AB}.Debug|Any CPU.Build.0 = Debug|Any CPU
		{4BE9A0EE-2611-46FD-A102-7B4C578228AB}.Release|Any CPU.ActiveCfg = Release|Any CPU
		{4BE9A0EE-2611-46FD-A102-7B4C578228AB}.Release|Any CPU.Build.0 = Release|Any CPU
		{3F4F4B88-9537-4993-A7B6-70B6C1544CA4}.Debug|Any CPU.ActiveCfg = Debug|Any CPU
		{3F4F4B88-9537-4993-A7B6-70B6C1544CA4}.Debug|Any CPU.Build.0 = Debug|Any CPU
		{3F4F4B88-9537-4993-A7B6-70B6C1544CA4}.Release|Any CPU.ActiveCfg = Release|Any CPU
		{3F4F4B88-9537-4993-A7B6-70B6C1544CA4}.Release|Any CPU.Build.0 = Release|Any CPU
		{A6A27F13-91A2-4B38-A5BE-5BFB9F2BC03F}.Debug|Any CPU.ActiveCfg = Debug|Any CPU
		{A6A27F13-91A2-4B38-A5BE-5BFB9F2BC03F}.Debug|Any CPU.Build.0 = Debug|Any CPU
		{A6A27F13-91A2-4B38-A5BE-5BFB9F2BC03F}.Release|Any CPU.ActiveCfg = Release|Any CPU
		{A6A27F13-91A2-4B38-A5BE-5BFB9F2BC03F}.Release|Any CPU.Build.0 = Release|Any CPU
	EndGlobalSection
	GlobalSection(SolutionProperties) = preSolution
		HideSolutionNode = FALSE
	EndGlobalSection
	GlobalSection(NestedProjects) = preSolution
		{10D6A4CB-DAF9-43C8-B5E1-DE583E89C67C} = {E6E3898A-F13F-4839-88F5-28EC53CDE1C6}
		{7C28926F-5882-4583-86AF-86EF8F3389DC} = {10D6A4CB-DAF9-43C8-B5E1-DE583E89C67C}
		{EE024DD8-2C8B-4112-8FC8-82C37FDC6B41} = {E6E3898A-F13F-4839-88F5-28EC53CDE1C6}
		{13D79C76-AAEC-41E3-9E27-379F4CD6AD11} = {E6E3898A-F13F-4839-88F5-28EC53CDE1C6}
		{3B7648C6-131F-4836-86EA-61A51D2506E9} = {EE024DD8-2C8B-4112-8FC8-82C37FDC6B41}
		{7FD069FF-84C8-44B2-B9A1-72E4BE81A3AA} = {13D79C76-AAEC-41E3-9E27-379F4CD6AD11}
		{ECB88767-547F-4D12-9F31-56DE8B489F92} = {13D79C76-AAEC-41E3-9E27-379F4CD6AD11}
		{4499AA45-928E-4E86-8FE2-B67721A6CED5} = {13D79C76-AAEC-41E3-9E27-379F4CD6AD11}
		{60332A61-FE36-462A-8FCC-5DAFEBD05C2B} = {7FD069FF-84C8-44B2-B9A1-72E4BE81A3AA}
		{B0575B24-6D09-4B28-AFBC-D277C0A002BC} = {7FD069FF-84C8-44B2-B9A1-72E4BE81A3AA}
		{139FA18D-7183-45D3-BD9B-EC38FF0004A6} = {4499AA45-928E-4E86-8FE2-B67721A6CED5}
		{1D6BAB00-126E-4079-9DD1-63F46C07CBC7} = {ECB88767-547F-4D12-9F31-56DE8B489F92}
		{D0B91EAA-A234-452F-8290-25A7934792BC} = {99186D69-3A4A-4344-AA98-1C61E7735DD8}
		{8952AAEC-70C4-4CE6-972B-DB333179C5E9} = {E6E3898A-F13F-4839-88F5-28EC53CDE1C6}
		{A50F456C-5691-42F3-A588-DD7367090E59} = {8952AAEC-70C4-4CE6-972B-DB333179C5E9}
		{38DD475A-4708-438D-B944-9F80F25CBEFA} = {8952AAEC-70C4-4CE6-972B-DB333179C5E9}
		{017F5D9C-727A-4C25-B482-F8B0BB36412D} = {8952AAEC-70C4-4CE6-972B-DB333179C5E9}
		{946E7BF7-6F49-4E4B-97C9-47928D2C5721} = {8952AAEC-70C4-4CE6-972B-DB333179C5E9}
		{CAB18929-A104-4A5C-B5F9-03D59AB767F0} = {8952AAEC-70C4-4CE6-972B-DB333179C5E9}
		{68CC7EFF-69AF-4312-985A-993EABB43676} = {E6E3898A-F13F-4839-88F5-28EC53CDE1C6}
		{7674C063-D645-476B-AC14-7829186B3CB9} = {68CC7EFF-69AF-4312-985A-993EABB43676}
		{D9D4EBF5-C8F9-459B-907D-20460E26213A} = {D70CF9F3-F619-4A40-85F8-9EE5D2338D4D}
		{94A4C444-182B-4D02-9C36-B722E8A28248} = {D70CF9F3-F619-4A40-85F8-9EE5D2338D4D}
		{1709D353-3AF0-4A03-9E2A-672C6CD0FB30} = {EE024DD8-2C8B-4112-8FC8-82C37FDC6B41}
		{B0BF760F-52B1-4C6A-83B1-82059F7FB00F} = {1709D353-3AF0-4A03-9E2A-672C6CD0FB30}
		{C05FC563-8C59-4F8C-B8D3-88E61B1A8A21} = {E6E3898A-F13F-4839-88F5-28EC53CDE1C6}
		{B44781CC-9E3C-4917-B8CC-A72E71F6DD93} = {C05FC563-8C59-4F8C-B8D3-88E61B1A8A21}
		{4BE9A0EE-2611-46FD-A102-7B4C578228AB} = {CF9F7711-4FA1-4DBF-A79E-B075CD605BB6}
		{3F4F4B88-9537-4993-A7B6-70B6C1544CA4} = {037555D1-A83B-4698-8BA1-3C91DEC1FA44}
		{037555D1-A83B-4698-8BA1-3C91DEC1FA44} = {E6E3898A-F13F-4839-88F5-28EC53CDE1C6}
		{A6A27F13-91A2-4B38-A5BE-5BFB9F2BC03F} = {037555D1-A83B-4698-8BA1-3C91DEC1FA44}
	EndGlobalSection
	GlobalSection(ExtensibilityGlobals) = postSolution
		SolutionGuid = {777C09E3-0672-40EB-8353-8CFE5BC6ABC4}
	EndGlobalSection
EndGlobal
